
Microsoft Visual Studio Solution File, Format Version 12.00
# Visual Studio Version 16
VisualStudioVersion = 16.0.30523.141
MinimumVisualStudioVersion = 10.0.40219.1
Project("{8BC9CEB8-8B4A-11D0-8D11-00A0C91BC942}") = "Assignment 1", "Assignment 1\Assignment 1.vcxproj", "{CA487A97-AE01-4D3E-AE69-9D2E9C7232AB}"
EndProject
Project("{8BC9CEB8-8B4A-11D0-8D11-00A0C91BC942}") = "Assignment 2", "Assignment 2\Assignment 2.vcxproj", "{25BB3C44-2935-4ADA-BD73-068754E13D08}"
EndProject
Project("{8BC9CEB8-8B4A-11D0-8D11-00A0C91BC942}") = "Assignment 3", "Assignment 3\Assignment 3.vcxproj", "{5DD6FB44-98BE-4885-86A9-33D761E80031}"
EndProject
Project("{8BC9CEB8-8B4A-11D0-8D11-00A0C91BC942}") = "Assignment 4", "Assignment 4\Assignment 4.vcxproj", "{359284C4-11A9-4CA3-84F9-D020BA35D20F}"
EndProject
Project("{8BC9CEB8-8B4A-11D0-8D11-00A0C91BC942}") = "Assignment 5", "Assignment 5\Assignment 5.vcxproj", "{E339CB04-7331-4E83-9EE4-9469EEE61BCA}"
EndProject
Global
	GlobalSection(SolutionConfigurationPlatforms) = preSolution
		Debug|x64 = Debug|x64
		Debug|x86 = Debug|x86
		Release|x64 = Release|x64
		Release|x86 = Release|x86
	EndGlobalSection
	GlobalSection(ProjectConfigurationPlatforms) = postSolution
		{CA487A97-AE01-4D3E-AE69-9D2E9C7232AB}.Debug|x64.ActiveCfg = Debug|x64
		{CA487A97-AE01-4D3E-AE69-9D2E9C7232AB}.Debug|x64.Build.0 = Debug|x64
		{CA487A97-AE01-4D3E-AE69-9D2E9C7232AB}.Debug|x86.ActiveCfg = Debug|Win32
		{CA487A97-AE01-4D3E-AE69-9D2E9C7232AB}.Debug|x86.Build.0 = Debug|Win32
		{CA487A97-AE01-4D3E-AE69-9D2E9C7232AB}.Release|x64.ActiveCfg = Release|x64
		{CA487A97-AE01-4D3E-AE69-9D2E9C7232AB}.Release|x64.Build.0 = Release|x64
		{CA487A97-AE01-4D3E-AE69-9D2E9C7232AB}.Release|x86.ActiveCfg = Release|Win32
		{CA487A97-AE01-4D3E-AE69-9D2E9C7232AB}.Release|x86.Build.0 = Release|Win32
		{25BB3C44-2935-4ADA-BD73-068754E13D08}.Debug|x64.ActiveCfg = Debug|x64
		{25BB3C44-2935-4ADA-BD73-068754E13D08}.Debug|x64.Build.0 = Debug|x64
		{25BB3C44-2935-4ADA-BD73-068754E13D08}.Debug|x86.ActiveCfg = Debug|Win32
		{25BB3C44-2935-4ADA-BD73-068754E13D08}.Debug|x86.Build.0 = Debug|Win32
		{25BB3C44-2935-4ADA-BD73-068754E13D08}.Release|x64.ActiveCfg = Release|x64
		{25BB3C44-2935-4ADA-BD73-068754E13D08}.Release|x64.Build.0 = Release|x64
		{25BB3C44-2935-4ADA-BD73-068754E13D08}.Release|x86.ActiveCfg = Release|Win32
		{25BB3C44-2935-4ADA-BD73-068754E13D08}.Release|x86.Build.0 = Release|Win32
		{5DD6FB44-98BE-4885-86A9-33D761E80031}.Debug|x64.ActiveCfg = Debug|x64
		{5DD6FB44-98BE-4885-86A9-33D761E80031}.Debug|x64.Build.0 = Debug|x64
		{5DD6FB44-98BE-4885-86A9-33D761E80031}.Debug|x86.ActiveCfg = Debug|Win32
		{5DD6FB44-98BE-4885-86A9-33D761E80031}.Debug|x86.Build.0 = Debug|Win32
		{5DD6FB44-98BE-4885-86A9-33D761E80031}.Release|x64.ActiveCfg = Release|x64
		{5DD6FB44-98BE-4885-86A9-33D761E80031}.Release|x64.Build.0 = Release|x64
		{5DD6FB44-98BE-4885-86A9-33D761E80031}.Release|x86.ActiveCfg = Release|Win32
		{5DD6FB44-98BE-4885-86A9-33D761E80031}.Release|x86.Build.0 = Release|Win32
		{359284C4-11A9-4CA3-84F9-D020BA35D20F}.Debug|x64.ActiveCfg = Debug|x64
		{359284C4-11A9-4CA3-84F9-D020BA35D20F}.Debug|x64.Build.0 = Debug|x64
		{359284C4-11A9-4CA3-84F9-D020BA35D20F}.Debug|x86.ActiveCfg = Debug|Win32
		{359284C4-11A9-4CA3-84F9-D020BA35D20F}.Debug|x86.Build.0 = Debug|Win32
		{359284C4-11A9-4CA3-84F9-D020BA35D20F}.Release|x64.ActiveCfg = Release|x64
		{359284C4-11A9-4CA3-84F9-D020BA35D20F}.Release|x64.Build.0 = Release|x64
		{359284C4-11A9-4CA3-84F9-D020BA35D20F}.Release|x86.ActiveCfg = Release|Win32
		{359284C4-11A9-4CA3-84F9-D020BA35D20F}.Release|x86.Build.0 = Release|Win32
		{E339CB04-7331-4E83-9EE4-9469EEE61BCA}.Debug|x64.ActiveCfg = Debug|x64
		{E339CB04-7331-4E83-9EE4-9469EEE61BCA}.Debug|x64.Build.0 = Debug|x64
		{E339CB04-7331-4E83-9EE4-9469EEE61BCA}.Debug|x86.ActiveCfg = Debug|Win32
		{E339CB04-7331-4E83-9EE4-9469EEE61BCA}.Debug|x86.Build.0 = Debug|Win32
		{E339CB04-7331-4E83-9EE4-9469EEE61BCA}.Release|x64.ActiveCfg = Release|x64
		{E339CB04-7331-4E83-9EE4-9469EEE61BCA}.Release|x64.Build.0 = Release|x64
		{E339CB04-7331-4E83-9EE4-9469EEE61BCA}.Release|x86.ActiveCfg = Release|Win32
		{E339CB04-7331-4E83-9EE4-9469EEE61BCA}.Release|x86.Build.0 = Release|Win32
	EndGlobalSection
	GlobalSection(SolutionProperties) = preSolution
		HideSolutionNode = FALSE
	EndGlobalSection
	GlobalSection(ExtensibilityGlobals) = postSolution
		SolutionGuid = {6A3AFFAF-DFCE-42C1-A92D-9C8A8BAD00E1}
	EndGlobalSection
EndGlobal
